// !$*UTF8*$!
{
	archiveVersion = 1;
	classes = {
	};
	objectVersion = 46;
	objects = {

/* Begin PBXBuildFile section */
		DD5169BB1A71575F0099D478 /* main.m in Sources */ = {isa = PBXBuildFile; fileRef = DD5169BA1A71575F0099D478 /* main.m */; };
		DD5169BE1A71575F0099D478 /* AppDelegate.m in Sources */ = {isa = PBXBuildFile; fileRef = DD5169BD1A71575F0099D478 /* AppDelegate.m */; };
		DD5169C11A71575F0099D478 /* ViewController.m in Sources */ = {isa = PBXBuildFile; fileRef = DD5169C01A71575F0099D478 /* ViewController.m */; };
		DD5169C41A71575F0099D478 /* Main.storyboard in Resources */ = {isa = PBXBuildFile; fileRef = DD5169C21A71575F0099D478 /* Main.storyboard */; };
		DD5169C61A71575F0099D478 /* Images.xcassets in Resources */ = {isa = PBXBuildFile; fileRef = DD5169C51A71575F0099D478 /* Images.xcassets */; };
		DD5169C91A71575F0099D478 /* LaunchScreen.xib in Resources */ = {isa = PBXBuildFile; fileRef = DD5169C71A71575F0099D478 /* LaunchScreen.xib */; };
		DD5169F91A7157FB0099D478 /* GCDAsyncSocket.m in Sources */ = {isa = PBXBuildFile; fileRef = DD5169E01A7157FB0099D478 /* GCDAsyncSocket.m */; };
		DD5169FA1A7157FB0099D478 /* GCDAsyncUdpSocket.m in Sources */ = {isa = PBXBuildFile; fileRef = DD5169E21A7157FB0099D478 /* GCDAsyncUdpSocket.m */; };
		DD5169FB1A7157FB0099D478 /* KSocket.m in Sources */ = {isa = PBXBuildFile; fileRef = DD5169E41A7157FB0099D478 /* KSocket.m */; };
		DD5169FC1A7157FB0099D478 /* DDAbstractDatabaseLogger.m in Sources */ = {isa = PBXBuildFile; fileRef = DD5169E71A7157FB0099D478 /* DDAbstractDatabaseLogger.m */; };
		DD5169FD1A7157FB0099D478 /* DDASLLogger.m in Sources */ = {isa = PBXBuildFile; fileRef = DD5169E91A7157FB0099D478 /* DDASLLogger.m */; };
		DD5169FE1A7157FB0099D478 /* DDFileLogger.m in Sources */ = {isa = PBXBuildFile; fileRef = DD5169EB1A7157FB0099D478 /* DDFileLogger.m */; };
		DD5169FF1A7157FB0099D478 /* DDLog.m in Sources */ = {isa = PBXBuildFile; fileRef = DD5169EE1A7157FB0099D478 /* DDLog.m */; };
		DD516A001A7157FB0099D478 /* DDTTYLogger.m in Sources */ = {isa = PBXBuildFile; fileRef = DD5169F01A7157FB0099D478 /* DDTTYLogger.m */; };
		DD516A011A7157FB0099D478 /* DDContextFilterLogFormatter.m in Sources */ = {isa = PBXBuildFile; fileRef = DD5169F31A7157FB0099D478 /* DDContextFilterLogFormatter.m */; };
		DD516A021A7157FB0099D478 /* DDDispatchQueueLogFormatter.m in Sources */ = {isa = PBXBuildFile; fileRef = DD5169F51A7157FB0099D478 /* DDDispatchQueueLogFormatter.m */; };
		DD516A031A7157FB0099D478 /* DDMultiFormatter.m in Sources */ = {isa = PBXBuildFile; fileRef = DD5169F71A7157FB0099D478 /* DDMultiFormatter.m */; };
		DD516A041A7157FB0099D478 /* README.txt in Resources */ = {isa = PBXBuildFile; fileRef = DD5169F81A7157FB0099D478 /* README.txt */; };
/* End PBXBuildFile section */

/* Begin PBXFileReference section */
		DD5169B51A71575F0099D478 /* UDPSocket.app */ = {isa = PBXFileReference; explicitFileType = wrapper.application; includeInIndex = 0; path = UDPSocket.app; sourceTree = BUILT_PRODUCTS_DIR; };
		DD5169B91A71575F0099D478 /* Info.plist */ = {isa = PBXFileReference; lastKnownFileType = text.plist.xml; path = Info.plist; sourceTree = "<group>"; };
		DD5169BA1A71575F0099D478 /* main.m */ = {isa = PBXFileReference; lastKnownFileType = sourcecode.c.objc; path = main.m; sourceTree = "<group>"; };
		DD5169BC1A71575F0099D478 /* AppDelegate.h */ = {isa = PBXFileReference; lastKnownFileType = sourcecode.c.h; path = AppDelegate.h; sourceTree = "<group>"; };
		DD5169BD1A71575F0099D478 /* AppDelegate.m */ = {isa = PBXFileReference; lastKnownFileType = sourcecode.c.objc; path = AppDelegate.m; sourceTree = "<group>"; };
		DD5169BF1A71575F0099D478 /* ViewController.h */ = {isa = PBXFileReference; lastKnownFileType = sourcecode.c.h; path = ViewController.h; sourceTree = "<group>"; };
		DD5169C01A71575F0099D478 /* ViewController.m */ = {isa = PBXFileReference; lastKnownFileType = sourcecode.c.objc; path = ViewController.m; sourceTree = "<group>"; };
		DD5169C31A71575F0099D478 /* Base */ = {isa = PBXFileReference; lastKnownFileType = file.storyboard; name = Base; path = Base.lproj/Main.storyboard; sourceTree = "<group>"; };
		DD5169C51A71575F0099D478 /* Images.xcassets */ = {isa = PBXFileReference; lastKnownFileType = folder.assetcatalog; path = Images.xcassets; sourceTree = "<group>"; };
		DD5169C81A71575F0099D478 /* Base */ = {isa = PBXFileReference; lastKnownFileType = file.xib; name = Base; path = Base.lproj/LaunchScreen.xib; sourceTree = "<group>"; };
		DD5169DF1A7157FB0099D478 /* GCDAsyncSocket.h */ = {isa = PBXFileReference; fileEncoding = 4; lastKnownFileType = sourcecode.c.h; path = GCDAsyncSocket.h; sourceTree = "<group>"; };
		DD5169E01A7157FB0099D478 /* GCDAsyncSocket.m */ = {isa = PBXFileReference; fileEncoding = 4; lastKnownFileType = sourcecode.c.objc; path = GCDAsyncSocket.m; sourceTree = "<group>"; };
		DD5169E11A7157FB0099D478 /* GCDAsyncUdpSocket.h */ = {isa = PBXFileReference; fileEncoding = 4; lastKnownFileType = sourcecode.c.h; path = GCDAsyncUdpSocket.h; sourceTree = "<group>"; };
		DD5169E21A7157FB0099D478 /* GCDAsyncUdpSocket.m */ = {isa = PBXFileReference; fileEncoding = 4; lastKnownFileType = sourcecode.c.objc; path = GCDAsyncUdpSocket.m; sourceTree = "<group>"; };
		DD5169E31A7157FB0099D478 /* KSocket.h */ = {isa = PBXFileReference; fileEncoding = 4; lastKnownFileType = sourcecode.c.h; path = KSocket.h; sourceTree = "<group>"; };
		DD5169E41A7157FB0099D478 /* KSocket.m */ = {isa = PBXFileReference; fileEncoding = 4; lastKnownFileType = sourcecode.c.objc; path = KSocket.m; sourceTree = "<group>"; };
		DD5169E61A7157FB0099D478 /* DDAbstractDatabaseLogger.h */ = {isa = PBXFileReference; fileEncoding = 4; lastKnownFileType = sourcecode.c.h; path = DDAbstractDatabaseLogger.h; sourceTree = "<group>"; };
		DD5169E71A7157FB0099D478 /* DDAbstractDatabaseLogger.m */ = {isa = PBXFileReference; fileEncoding = 4; lastKnownFileType = sourcecode.c.objc; path = DDAbstractDatabaseLogger.m; sourceTree = "<group>"; };
		DD5169E81A7157FB0099D478 /* DDASLLogger.h */ = {isa = PBXFileReference; fileEncoding = 4; lastKnownFileType = sourcecode.c.h; path = DDASLLogger.h; sourceTree = "<group>"; };
		DD5169E91A7157FB0099D478 /* DDASLLogger.m */ = {isa = PBXFileReference; fileEncoding = 4; lastKnownFileType = sourcecode.c.objc; path = DDASLLogger.m; sourceTree = "<group>"; };
		DD5169EA1A7157FB0099D478 /* DDFileLogger.h */ = {isa = PBXFileReference; fileEncoding = 4; lastKnownFileType = sourcecode.c.h; path = DDFileLogger.h; sourceTree = "<group>"; };
		DD5169EB1A7157FB0099D478 /* DDFileLogger.m */ = {isa = PBXFileReference; fileEncoding = 4; lastKnownFileType = sourcecode.c.objc; path = DDFileLogger.m; sourceTree = "<group>"; };
		DD5169EC1A7157FB0099D478 /* DDLog+LOGV.h */ = {isa = PBXFileReference; fileEncoding = 4; lastKnownFileType = sourcecode.c.h; path = "DDLog+LOGV.h"; sourceTree = "<group>"; };
		DD5169ED1A7157FB0099D478 /* DDLog.h */ = {isa = PBXFileReference; fileEncoding = 4; lastKnownFileType = sourcecode.c.h; path = DDLog.h; sourceTree = "<group>"; };
		DD5169EE1A7157FB0099D478 /* DDLog.m */ = {isa = PBXFileReference; fileEncoding = 4; lastKnownFileType = sourcecode.c.objc; path = DDLog.m; sourceTree = "<group>"; };
		DD5169EF1A7157FB0099D478 /* DDTTYLogger.h */ = {isa = PBXFileReference; fileEncoding = 4; lastKnownFileType = sourcecode.c.h; path = DDTTYLogger.h; sourceTree = "<group>"; };
		DD5169F01A7157FB0099D478 /* DDTTYLogger.m */ = {isa = PBXFileReference; fileEncoding = 4; lastKnownFileType = sourcecode.c.objc; path = DDTTYLogger.m; sourceTree = "<group>"; };
		DD5169F21A7157FB0099D478 /* DDContextFilterLogFormatter.h */ = {isa = PBXFileReference; fileEncoding = 4; lastKnownFileType = sourcecode.c.h; path = DDContextFilterLogFormatter.h; sourceTree = "<group>"; };
		DD5169F31A7157FB0099D478 /* DDContextFilterLogFormatter.m */ = {isa = PBXFileReference; fileEncoding = 4; lastKnownFileType = sourcecode.c.objc; path = DDContextFilterLogFormatter.m; sourceTree = "<group>"; };
		DD5169F41A7157FB0099D478 /* DDDispatchQueueLogFormatter.h */ = {isa = PBXFileReference; fileEncoding = 4; lastKnownFileType = sourcecode.c.h; path = DDDispatchQueueLogFormatter.h; sourceTree = "<group>"; };
		DD5169F51A7157FB0099D478 /* DDDispatchQueueLogFormatter.m */ = {isa = PBXFileReference; fileEncoding = 4; lastKnownFileType = sourcecode.c.objc; path = DDDispatchQueueLogFormatter.m; sourceTree = "<group>"; };
		DD5169F61A7157FB0099D478 /* DDMultiFormatter.h */ = {isa = PBXFileReference; fileEncoding = 4; lastKnownFileType = sourcecode.c.h; path = DDMultiFormatter.h; sourceTree = "<group>"; };
		DD5169F71A7157FB0099D478 /* DDMultiFormatter.m */ = {isa = PBXFileReference; fileEncoding = 4; lastKnownFileType = sourcecode.c.objc; path = DDMultiFormatter.m; sourceTree = "<group>"; };
		DD5169F81A7157FB0099D478 /* README.txt */ = {isa = PBXFileReference; fileEncoding = 4; lastKnownFileType = text; path = README.txt; sourceTree = "<group>"; };
/* End PBXFileReference section */

/* Begin PBXFrameworksBuildPhase section */
		DD5169B21A71575F0099D478 /* Frameworks */ = {
			isa = PBXFrameworksBuildPhase;
			buildActionMask = 2147483647;
			files = (
			);
			runOnlyForDeploymentPostprocessing = 0;
		};
/* End PBXFrameworksBuildPhase section */

/* Begin PBXGroup section */
		DD5169AC1A71575F0099D478 = {
			isa = PBXGroup;
			children = (
				DD5169B71A71575F0099D478 /* UDPSocket */,
				DD5169B61A71575F0099D478 /* Products */,
			);
			sourceTree = "<group>";
		};
		DD5169B61A71575F0099D478 /* Products */ = {
			isa = PBXGroup;
			children = (
				DD5169B51A71575F0099D478 /* UDPSocket.app */,
			);
			name = Products;
			sourceTree = "<group>";
		};
		DD5169B71A71575F0099D478 /* UDPSocket */ = {
			isa = PBXGroup;
			children = (
				DD5169DE1A7157FB0099D478 /* SocketIO */,
				DD5169BC1A71575F0099D478 /* AppDelegate.h */,
				DD5169BD1A71575F0099D478 /* AppDelegate.m */,
				DD5169BF1A71575F0099D478 /* ViewController.h */,
				DD5169C01A71575F0099D478 /* ViewController.m */,
				DD5169C21A71575F0099D478 /* Main.storyboard */,
				DD5169C51A71575F0099D478 /* Images.xcassets */,
				DD5169C71A71575F0099D478 /* LaunchScreen.xib */,
				DD5169B81A71575F0099D478 /* Supporting Files */,
			);
			path = UDPSocket;
			sourceTree = "<group>";
		};
		DD5169B81A71575F0099D478 /* Supporting Files */ = {
			isa = PBXGroup;
			children = (
				DD5169B91A71575F0099D478 /* Info.plist */,
				DD5169BA1A71575F0099D478 /* main.m */,
			);
			name = "Supporting Files";
			sourceTree = "<group>";
		};
		DD5169DE1A7157FB0099D478 /* SocketIO */ = {
			isa = PBXGroup;
			children = (
				DD5169DF1A7157FB0099D478 /* GCDAsyncSocket.h */,
				DD5169E01A7157FB0099D478 /* GCDAsyncSocket.m */,
				DD5169E11A7157FB0099D478 /* GCDAsyncUdpSocket.h */,
				DD5169E21A7157FB0099D478 /* GCDAsyncUdpSocket.m */,
				DD5169E31A7157FB0099D478 /* KSocket.h */,
				DD5169E41A7157FB0099D478 /* KSocket.m */,
				DD5169E51A7157FB0099D478 /* Logging */,
			);
			path = SocketIO;
			sourceTree = "<group>";
		};
		DD5169E51A7157FB0099D478 /* Logging */ = {
			isa = PBXGroup;
			children = (
				DD5169E61A7157FB0099D478 /* DDAbstractDatabaseLogger.h */,
				DD5169E71A7157FB0099D478 /* DDAbstractDatabaseLogger.m */,
				DD5169E81A7157FB0099D478 /* DDASLLogger.h */,
				DD5169E91A7157FB0099D478 /* DDASLLogger.m */,
				DD5169EA1A7157FB0099D478 /* DDFileLogger.h */,
				DD5169EB1A7157FB0099D478 /* DDFileLogger.m */,
				DD5169EC1A7157FB0099D478 /* DDLog+LOGV.h */,
				DD5169ED1A7157FB0099D478 /* DDLog.h */,
				DD5169EE1A7157FB0099D478 /* DDLog.m */,
				DD5169EF1A7157FB0099D478 /* DDTTYLogger.h */,
				DD5169F01A7157FB0099D478 /* DDTTYLogger.m */,
				DD5169F11A7157FB0099D478 /* Extensions */,
			);
			path = Logging;
			sourceTree = "<group>";
		};
		DD5169F11A7157FB0099D478 /* Extensions */ = {
			isa = PBXGroup;
			children = (
				DD5169F21A7157FB0099D478 /* DDContextFilterLogFormatter.h */,
				DD5169F31A7157FB0099D478 /* DDContextFilterLogFormatter.m */,
				DD5169F41A7157FB0099D478 /* DDDispatchQueueLogFormatter.h */,
				DD5169F51A7157FB0099D478 /* DDDispatchQueueLogFormatter.m */,
				DD5169F61A7157FB0099D478 /* DDMultiFormatter.h */,
				DD5169F71A7157FB0099D478 /* DDMultiFormatter.m */,
				DD5169F81A7157FB0099D478 /* README.txt */,
			);
			path = Extensions;
			sourceTree = "<group>";
		};
/* End PBXGroup section */

/* Begin PBXNativeTarget section */
		DD5169B41A71575F0099D478 /* UDPSocket */ = {
			isa = PBXNativeTarget;
			buildConfigurationList = DD5169D81A7157600099D478 /* Build configuration list for PBXNativeTarget "UDPSocket" */;
			buildPhases = (
				DD5169B11A71575F0099D478 /* Sources */,
				DD5169B21A71575F0099D478 /* Frameworks */,
				DD5169B31A71575F0099D478 /* Resources */,
			);
			buildRules = (
			);
			dependencies = (
			);
			name = UDPSocket;
			productName = UDPSocket;
			productReference = DD5169B51A71575F0099D478 /* UDPSocket.app */;
			productType = "com.apple.product-type.application";
		};
/* End PBXNativeTarget section */

/* Begin PBXProject section */
		DD5169AD1A71575F0099D478 /* Project object */ = {
			isa = PBXProject;
			attributes = {
				LastUpgradeCheck = 0610;
				ORGANIZATIONNAME = JamesChan;
				TargetAttributes = {
					DD5169B41A71575F0099D478 = {
						CreatedOnToolsVersion = 6.1.1;
					};
				};
			};
			buildConfigurationList = DD5169B01A71575F0099D478 /* Build configuration list for PBXProject "UDPSocket" */;
			compatibilityVersion = "Xcode 3.2";
			developmentRegion = English;
			hasScannedForEncodings = 0;
			knownRegions = (
				en,
				Base,
			);
			mainGroup = DD5169AC1A71575F0099D478;
			productRefGroup = DD5169B61A71575F0099D478 /* Products */;
			projectDirPath = "";
			projectRoot = "";
			targets = (
				DD5169B41A71575F0099D478 /* UDPSocket */,
			);
		};
/* End PBXProject section */

/* Begin PBXResourcesBuildPhase section */
		DD5169B31A71575F0099D478 /* Resources */ = {
			isa = PBXResourcesBuildPhase;
			buildActionMask = 2147483647;
			files = (
				DD5169C41A71575F0099D478 /* Main.storyboard in Resources */,
				DD5169C91A71575F0099D478 /* LaunchScreen.xib in Resources */,
				DD516A041A7157FB0099D478 /* README.txt in Resources */,
				DD5169C61A71575F0099D478 /* Images.xcassets in Resources */,
			);
			runOnlyForDeploymentPostprocessing = 0;
		};
/* End PBXResourcesBuildPhase section */

/* Begin PBXSourcesBuildPhase section */
		DD5169B11A71575F0099D478 /* Sources */ = {
			isa = PBXSourcesBuildPhase;
			buildActionMask = 2147483647;
			files = (
				DD5169FF1A7157FB0099D478 /* DDLog.m in Sources */,
				DD516A021A7157FB0099D478 /* DDDispatchQueueLogFormatter.m in Sources */,
				DD5169FD1A7157FB0099D478 /* DDASLLogger.m in Sources */,
				DD5169FB1A7157FB0099D478 /* KSocket.m in Sources */,
				DD5169F91A7157FB0099D478 /* GCDAsyncSocket.m in Sources */,
				DD516A001A7157FB0099D478 /* DDTTYLogger.m in Sources */,
				DD5169FA1A7157FB0099D478 /* GCDAsyncUdpSocket.m in Sources */,
				DD5169C11A71575F0099D478 /* ViewController.m in Sources */,
				DD5169FC1A7157FB0099D478 /* DDAbstractDatabaseLogger.m in Sources */,
				DD5169BE1A71575F0099D478 /* AppDelegate.m in Sources */,
				DD516A031A7157FB0099D478 /* DDMultiFormatter.m in Sources */,
				DD516A011A7157FB0099D478 /* DDContextFilterLogFormatter.m in Sources */,
				DD5169FE1A7157FB0099D478 /* DDFileLogger.m in Sources */,
				DD5169BB1A71575F0099D478 /* main.m in Sources */,
			);
			runOnlyForDeploymentPostprocessing = 0;
		};
/* End PBXSourcesBuildPhase section */

/* Begin PBXVariantGroup section */
		DD5169C21A71575F0099D478 /* Main.storyboard */ = {
			isa = PBXVariantGroup;
			children = (
				DD5169C31A71575F0099D478 /* Base */,
			);
			name = Main.storyboard;
			sourceTree = "<group>";
		};
		DD5169C71A71575F0099D478 /* LaunchScreen.xib */ = {
			isa = PBXVariantGroup;
			children = (
				DD5169C81A71575F0099D478 /* Base */,
			);
			name = LaunchScreen.xib;
			sourceTree = "<group>";
		};
/* End PBXVariantGroup section */

/* Begin XCBuildConfiguration section */
		DD5169D61A7157600099D478 /* Debug */ = {
			isa = XCBuildConfiguration;
			buildSettings = {
				ALWAYS_SEARCH_USER_PATHS = NO;
				CLANG_CXX_LANGUAGE_STANDARD = "gnu++0x";
				CLANG_CXX_LIBRARY = "libc++";
				CLANG_ENABLE_MODULES = YES;
				CLANG_ENABLE_OBJC_ARC = YES;
				CLANG_WARN_BOOL_CONVERSION = YES;
				CLANG_WARN_CONSTANT_CONVERSION = YES;
				CLANG_WARN_DIRECT_OBJC_ISA_USAGE = YES_ERROR;
				CLANG_WARN_EMPTY_BODY = YES;
				CLANG_WARN_ENUM_CONVERSION = YES;
				CLANG_WARN_INT_CONVERSION = YES;
				CLANG_WARN_OBJC_ROOT_CLASS = YES_ERROR;
				CLANG_WARN_UNREACHABLE_CODE = YES;
				CLANG_WARN__DUPLICATE_METHOD_MATCH = YES;
				"CODE_SIGN_IDENTITY[sdk=iphoneos*]" = "iPhone Developer";
				COPY_PHASE_STRIP = NO;
				ENABLE_STRICT_OBJC_MSGSEND = YES;
				GCC_C_LANGUAGE_STANDARD = gnu99;
				GCC_DYNAMIC_NO_PIC = NO;
				GCC_OPTIMIZATION_LEVEL = 0;
				GCC_PREPROCESSOR_DEFINITIONS = (
					"DEBUG=1",
					"$(inherited)",
				);
				GCC_SYMBOLS_PRIVATE_EXTERN = NO;
				GCC_WARN_64_TO_32_BIT_CONVERSION = YES;
				GCC_WARN_ABOUT_RETURN_TYPE = YES_ERROR;
				GCC_WARN_UNDECLARED_SELECTOR = YES;
				GCC_WARN_UNINITIALIZED_AUTOS = YES_AGGRESSIVE;
				GCC_WARN_UNUSED_FUNCTION = YES;
				GCC_WARN_UNUSED_VARIABLE = YES;
				IPHONEOS_DEPLOYMENT_TARGET = 7.0;
				MTL_ENABLE_DEBUG_INFO = YES;
				ONLY_ACTIVE_ARCH = YES;
				SDKROOT = iphoneos;
			};
			name = Debug;
		};
		DD5169D71A7157600099D478 /* Release */ = {
			isa = XCBuildConfiguration;
			buildSettings = {
				ALWAYS_SEARCH_USER_PATHS = NO;
				CLANG_CXX_LANGUAGE_STANDARD = "gnu++0x";
				CLANG_CXX_LIBRARY = "libc++";
				CLANG_ENABLE_MODULES = YES;
				CLANG_ENABLE_OBJC_ARC = YES;
				CLANG_WARN_BOOL_CONVERSION = YES;
				CLANG_WARN_CONSTANT_CONVERSION = YES;
				CLANG_WARN_DIRECT_OBJC_ISA_USAGE = YES_ERROR;
				CLANG_WARN_EMPTY_BODY = YES;
				CLANG_WARN_ENUM_CONVERSION = YES;
				CLANG_WARN_INT_CONVERSION = YES;
				CLANG_WARN_OBJC_ROOT_CLASS = YES_ERROR;
				CLANG_WARN_UNREACHABLE_CODE = YES;
				CLANG_WARN__DUPLICATE_METHOD_MATCH = YES;
				"CODE_SIGN_IDENTITY[sdk=iphoneos*]" = "iPhone Developer";
				COPY_PHASE_STRIP = YES;
				ENABLE_NS_ASSERTIONS = NO;
				ENABLE_STRICT_OBJC_MSGSEND = YES;
				GCC_C_LANGUAGE_STANDARD = gnu99;
				GCC_WARN_64_TO_32_BIT_CONVERSION = YES;
				GCC_WARN_ABOUT_RETURN_TYPE = YES_ERROR;
				GCC_WARN_UNDECLARED_SELECTOR = YES;
				GCC_WARN_UNINITIALIZED_AUTOS = YES_AGGRESSIVE;
				GCC_WARN_UNUSED_FUNCTION = YES;
				GCC_WARN_UNUSED_VARIABLE = YES;
				IPHONEOS_DEPLOYMENT_TARGET = 7.0;
				MTL_ENABLE_DEBUG_INFO = NO;
				SDKROOT = iphoneos;
				VALIDATE_PRODUCT = YES;
			};
			name = Release;
		};
		DD5169D91A7157600099D478 /* Debug */ = {
			isa = XCBuildConfiguration;
			buildSettings = {
				ASSETCATALOG_COMPILER_APPICON_NAME = AppIcon;
				CODE_SIGN_IDENTITY = "iPhone Developer: AoGe He (G5X48325TH)";
				INFOPLIST_FILE = UDPSocket/Info.plist;
				LD_RUNPATH_SEARCH_PATHS = "$(inherited) @executable_path/Frameworks";
				PRODUCT_NAME = "$(TARGET_NAME)";
				PROVISIONING_PROFILE = "03de6d0c-8ebb-48ef-8742-f61f2ece9142";
			};
			name = Debug;
		};
		DD5169DA1A7157600099D478 /* Release */ = {
			isa = XCBuildConfiguration;
			buildSettings = {
				ASSETCATALOG_COMPILER_APPICON_NAME = AppIcon;
				CODE_SIGN_IDENTITY = "iPhone Developer: AoGe He (G5X48325TH)";
				INFOPLIST_FILE = UDPSocket/Info.plist;
				LD_RUNPATH_SEARCH_PATHS = "$(inherited) @executable_path/Frameworks";
				PRODUCT_NAME = "$(TARGET_NAME)";
				PROVISIONING_PROFILE = "03de6d0c-8ebb-48ef-8742-f61f2ece9142";
			};
			name = Release;
		};
/* End XCBuildConfiguration section */

/* Begin XCConfigurationList section */
		DD5169B01A71575F0099D478 /* Build configuration list for PBXProject "UDPSocket" */ = {
			isa = XCConfigurationList;
			buildConfigurations = (
				DD5169D61A7157600099D478 /* Debug */,
				DD5169D71A7157600099D478 /* Release */,
			);
			defaultConfigurationIsVisible = 0;
			defaultConfigurationName = Release;
		};
		DD5169D81A7157600099D478 /* Build configuration list for PBXNativeTarget "UDPSocket" */ = {
			isa = XCConfigurationList;
			buildConfigurations = (
				DD5169D91A7157600099D478 /* Debug */,
				DD5169DA1A7157600099D478 /* Release */,
			);
			defaultConfigurationIsVisible = 0;
		};
/* End XCConfigurationList section */
	};
	rootObject = DD5169AD1A71575F0099D478 /* Project object */;
}
